
Microsoft Visual Studio Solution File, Format Version 12.00
# Visual Studio Version 16
VisualStudioVersion = 16.0.30413.136
MinimumVisualStudioVersion = 10.0.40219.1
Project("{FAE04EC0-301F-11D3-BF4B-00C04F79EFBC}") = "LTQL20", "LTQL20\LTQL20.csproj", "{413189FF-5D7F-45BE-9BAE-F459D5AE887A}"
EndProject
Global
	GlobalSection(SolutionConfigurationPlatforms) = preSolution
		Debug|Any CPU = Debug|Any CPU
		Release|Any CPU = Release|Any CPU
	EndGlobalSection
	GlobalSection(ProjectConfigurationPlatforms) = postSolution
		{413189FF-5D7F-45BE-9BAE-F459D5AE887A}.Debug|Any CPU.ActiveCfg = Debug|Any CPU
		{413189FF-5D7F-45BE-9BAE-F459D5AE887A}.Debug|Any CPU.Build.0 = Debug|Any CPU
		{413189FF-5D7F-45BE-9BAE-F459D5AE887A}.Release|Any CPU.ActiveCfg = Release|Any CPU
		{413189FF-5D7F-45BE-9BAE-F459D5AE887A}.Release|Any CPU.Build.0 = Release|Any CPU
	EndGlobalSection
	GlobalSection(SolutionProperties) = preSolution
		HideSolutionNode = FALSE
	EndGlobalSection
	GlobalSection(ExtensibilityGlobals) = postSolution
		SolutionGuid = {6C5C4033-748B-4C52-B212-B69731B53140}
	EndGlobalSection
EndGlobal
